
Microsoft Visual Studio Solution File, Format Version 12.00
# Visual Studio Version 16
VisualStudioVersion = 16.0.32602.291
MinimumVisualStudioVersion = 10.0.40219.1
Project("{FAE04EC0-301F-11D3-BF4B-00C04F79EFBC}") = "SUDOKU PROJESİ", "SUDOKU PROJESİ\SUDOKU PROJESİ.csproj", "{BF2AB69C-F060-4E38-AC38-0CA482814C99}"
EndProject
Global
	GlobalSection(SolutionConfigurationPlatforms) = preSolution
		Debug|Any CPU = Debug|Any CPU
		Release|Any CPU = Release|Any CPU
	EndGlobalSection
	GlobalSection(ProjectConfigurationPlatforms) = postSolution
		{BF2AB69C-F060-4E38-AC38-0CA482814C99}.Debug|Any CPU.ActiveCfg = Debug|Any CPU
		{BF2AB69C-F060-4E38-AC38-0CA482814C99}.Debug|Any CPU.Build.0 = Debug|Any CPU
		{BF2AB69C-F060-4E38-AC38-0CA482814C99}.Release|Any CPU.ActiveCfg = Release|Any CPU
		{BF2AB69C-F060-4E38-AC38-0CA482814C99}.Release|Any CPU.Build.0 = Release|Any CPU
	EndGlobalSection
	GlobalSection(SolutionProperties) = preSolution
		HideSolutionNode = FALSE
	EndGlobalSection
	GlobalSection(ExtensibilityGlobals) = postSolution
		SolutionGuid = {1DEB40B5-B2AC-4D62-A9EE-D976E0F36623}
	EndGlobalSection
EndGlobal
